
Microsoft Visual Studio Solution File, Format Version 12.00
# Visual Studio 14
VisualStudioVersion = 14.0.24720.0
MinimumVisualStudioVersion = 10.0.40219.1
Project("{FAE04EC0-301F-11D3-BF4B-00C04F79EFBC}") = "JenkinsDemo", "JenkinsDemo\JenkinsDemo.csproj", "{9FFC3E63-8828-4307-AFA0-4D2F757EA653}"
EndProject
Project("{FAE04EC0-301F-11D3-BF4B-00C04F79EFBC}") = "JenkinsDemo.Tests", "JenkinsDemo.Tests\JenkinsDemo.Tests.csproj", "{207869B1-1F16-4BBD-A4DA-11CECAA056A3}"
EndProject
Global
	GlobalSection(SolutionConfigurationPlatforms) = preSolution
		Debug|Any CPU = Debug|Any CPU
		Release|Any CPU = Release|Any CPU
	EndGlobalSection
	GlobalSection(ProjectConfigurationPlatforms) = postSolution
		{9FFC3E63-8828-4307-AFA0-4D2F757EA653}.Debug|Any CPU.ActiveCfg = Debug|Any CPU
		{9FFC3E63-8828-4307-AFA0-4D2F757EA653}.Debug|Any CPU.Build.0 = Debug|Any CPU
		{9FFC3E63-8828-4307-AFA0-4D2F757EA653}.Release|Any CPU.ActiveCfg = Release|Any CPU
		{9FFC3E63-8828-4307-AFA0-4D2F757EA653}.Release|Any CPU.Build.0 = Release|Any CPU
		{207869B1-1F16-4BBD-A4DA-11CECAA056A3}.Debug|Any CPU.ActiveCfg = Debug|Any CPU
		{207869B1-1F16-4BBD-A4DA-11CECAA056A3}.Debug|Any CPU.Build.0 = Debug|Any CPU
		{207869B1-1F16-4BBD-A4DA-11CECAA056A3}.Release|Any CPU.ActiveCfg = Release|Any CPU
		{207869B1-1F16-4BBD-A4DA-11CECAA056A3}.Release|Any CPU.Build.0 = Release|Any CPU
	EndGlobalSection
	GlobalSection(SolutionProperties) = preSolution
		HideSolutionNode = FALSE
	EndGlobalSection
EndGlobal
